# This file is automatically @generated by Cargo.
# It is not intended for manual editing.
version = 4

[[package]]
name = "sdkwork-messaging-delivery-repository-sqlx"
version = "0.1.0"

[[package]]
name = "sdkwork-messaging-delivery-service"
version = "0.1.0"

[[package]]
name = "sdkwork-router-messaging-app-api"
version = "0.1.0"

[[package]]
name = "sdkwork-router-messaging-backend-api"
version = "0.1.0"
