# This file is automatically @generated by Cargo.
# It is not intended for manual editing.
version = 4

[[package]]
name = "sdkwork-routes-messaging-app-api"
version = "0.1.0"

[[package]]
name = "sdkwork-routes-messaging-backend-api"
version = "0.1.0"

[[package]]
name = "sdkwork_messaging_core"
version = "0.1.0"

[[package]]
name = "sdkwork_messaging_storage_sqlx"
version = "0.1.0"
